
Microsoft Visual Studio Solution File, Format Version 12.00
# Visual Studio Version 17
VisualStudioVersion = 17.10.35027.167
MinimumVisualStudioVersion = 10.0.40219.1
Project("{9A19103F-16F7-4668-BE54-9A1E7A4F7556}") = "Supplier_SRM_MVC", "Supplier_SRM_MVC.csproj", "{63B0A944-5F38-4C5C-9887-0562C349079D}"
EndProject
Global
	GlobalSection(SolutionConfigurationPlatforms) = preSolution
		Debug|Any CPU = Debug|Any CPU
		Release|Any CPU = Release|Any CPU
	EndGlobalSection
	GlobalSection(ProjectConfigurationPlatforms) = postSolution
		{63B0A944-5F38-4C5C-9887-0562C349079D}.Debug|Any CPU.ActiveCfg = Debug|Any CPU
		{63B0A944-5F38-4C5C-9887-0562C349079D}.Debug|Any CPU.Build.0 = Debug|Any CPU
		{63B0A944-5F38-4C5C-9887-0562C349079D}.Release|Any CPU.ActiveCfg = Release|Any CPU
		{63B0A944-5F38-4C5C-9887-0562C349079D}.Release|Any CPU.Build.0 = Release|Any CPU
	EndGlobalSection
	GlobalSection(SolutionProperties) = preSolution
		HideSolutionNode = FALSE
	EndGlobalSection
	GlobalSection(ExtensibilityGlobals) = postSolution
		SolutionGuid = {3AC05C04-045A-4CED-AB1F-2481A9FDF7A1}
	EndGlobalSection
EndGlobal
